
Microsoft Visual Studio Solution File, Format Version 12.00
# Visual Studio Version 16
VisualStudioVersion = 16.0.30717.126
MinimumVisualStudioVersion = 10.0.40219.1
Project("{FAE04EC0-301F-11D3-BF4B-00C04F79EFBC}") = "AirForce Sound Supporter", "AirForce Sound Supporter.csproj", "{F38CE078-D44D-48DB-80E2-1E0216DD2151}"
EndProject
Global
	GlobalSection(SolutionConfigurationPlatforms) = preSolution
		Debug|Any CPU = Debug|Any CPU
		Release|Any CPU = Release|Any CPU
	EndGlobalSection
	GlobalSection(ProjectConfigurationPlatforms) = postSolution
		{F38CE078-D44D-48DB-80E2-1E0216DD2151}.Debug|Any CPU.ActiveCfg = Debug|Any CPU
		{F38CE078-D44D-48DB-80E2-1E0216DD2151}.Debug|Any CPU.Build.0 = Debug|Any CPU
		{F38CE078-D44D-48DB-80E2-1E0216DD2151}.Release|Any CPU.ActiveCfg = Release|Any CPU
		{F38CE078-D44D-48DB-80E2-1E0216DD2151}.Release|Any CPU.Build.0 = Release|Any CPU
	EndGlobalSection
	GlobalSection(SolutionProperties) = preSolution
		HideSolutionNode = FALSE
	EndGlobalSection
	GlobalSection(ExtensibilityGlobals) = postSolution
		SolutionGuid = {77988389-4C84-4561-9E6B-1472A55A2BD0}
	EndGlobalSection
EndGlobal
